// !$*UTF8*$!
{
	archiveVersion = 1;
	classes = {
	};
	objectVersion = 56;
	objects = {

/* Begin PBXBuildFile section */
		B4266FB32A001B5400CB6EB1 /* PageControl.swift in Sources */ = {isa = PBXBuildFile; fileRef = B4266FB22A001B5400CB6EB1 /* PageControl.swift */; };
		B434245E29EF72C200A8A718 /* LinkableListView.swift in Sources */ = {isa = PBXBuildFile; fileRef = B434245D29EF72C200A8A718 /* LinkableListView.swift */; };
		B434246129EF730000A8A718 /* ListViewWithProgress.swift in Sources */ = {isa = PBXBuildFile; fileRef = B434246029EF730000A8A718 /* ListViewWithProgress.swift */; };
		B434247D29F16E9300A8A718 /* ArticleView.swift in Sources */ = {isa = PBXBuildFile; fileRef = B434247C29F16E9300A8A718 /* ArticleView.swift */; };
		B4A3DA5829EAAD4D00FDF4BC /* LearningItem.swift in Sources */ = {isa = PBXBuildFile; fileRef = B4A3DA5729EAAD4D00FDF4BC /* LearningItem.swift */; };
		B4AAC4E329FD96350027A49C /* LearningItemWithoutNavigationStack.swift in Sources */ = {isa = PBXBuildFile; fileRef = B4AAC4E229FD96350027A49C /* LearningItemWithoutNavigationStack.swift */; };
		B4AAC4E629FE42F20027A49C /* ReadingContentView.swift in Sources */ = {isa = PBXBuildFile; fileRef = B4AAC4E529FE42F20027A49C /* ReadingContentView.swift */; };
		B4AAC4E929FE442F0027A49C /* PageViewController.swift in Sources */ = {isa = PBXBuildFile; fileRef = B4AAC4E829FE442F0027A49C /* PageViewController.swift */; };
		B4C470BB29E78D7E00C4901C /* LearningTrackerApp.swift in Sources */ = {isa = PBXBuildFile; fileRef = B4C470BA29E78D7E00C4901C /* LearningTrackerApp.swift */; };
		B4C470BD29E78D7E00C4901C /* LearningItemView.swift in Sources */ = {isa = PBXBuildFile; fileRef = B4C470BC29E78D7E00C4901C /* LearningItemView.swift */; };
		B4C470BF29E78D8000C4901C /* Assets.xcassets in Resources */ = {isa = PBXBuildFile; fileRef = B4C470BE29E78D8000C4901C /* Assets.xcassets */; };
		B4C470C229E78D8000C4901C /* Preview Assets.xcassets in Resources */ = {isa = PBXBuildFile; fileRef = B4C470C129E78D8000C4901C /* Preview Assets.xcassets */; };
		B4C470CA29E78F1700C4901C /* LearningArea.swift in Sources */ = {isa = PBXBuildFile; fileRef = B4C470C929E78F1700C4901C /* LearningArea.swift */; };
		B4C470CE29E78F7E00C4901C /* Technology.swift in Sources */ = {isa = PBXBuildFile; fileRef = B4C470CD29E78F7E00C4901C /* Technology.swift */; };
		B4C470D129E78FA200C4901C /* Article.swift in Sources */ = {isa = PBXBuildFile; fileRef = B4C470D029E78FA200C4901C /* Article.swift */; };
		B4C470D429E7926F00C4901C /* UserLearning.swift in Sources */ = {isa = PBXBuildFile; fileRef = B4C470D329E7926F00C4901C /* UserLearning.swift */; };
		B4C470D629E7932100C4901C /* DataProvider.swift in Sources */ = {isa = PBXBuildFile; fileRef = B4C470D529E7932100C4901C /* DataProvider.swift */; };
/* End PBXBuildFile section */

/* Begin PBXFileReference section */
		B4266FB22A001B5400CB6EB1 /* PageControl.swift */ = {isa = PBXFileReference; lastKnownFileType = sourcecode.swift; path = PageControl.swift; sourceTree = "<group>"; };
		B434245D29EF72C200A8A718 /* LinkableListView.swift */ = {isa = PBXFileReference; lastKnownFileType = sourcecode.swift; path = LinkableListView.swift; sourceTree = "<group>"; };
		B434246029EF730000A8A718 /* ListViewWithProgress.swift */ = {isa = PBXFileReference; lastKnownFileType = sourcecode.swift; path = ListViewWithProgress.swift; sourceTree = "<group>"; };
		B434247C29F16E9300A8A718 /* ArticleView.swift */ = {isa = PBXFileReference; lastKnownFileType = sourcecode.swift; path = ArticleView.swift; sourceTree = "<group>"; };
		B4A3DA5729EAAD4D00FDF4BC /* LearningItem.swift */ = {isa = PBXFileReference; lastKnownFileType = sourcecode.swift; path = LearningItem.swift; sourceTree = "<group>"; };
		B4AAC4E229FD96350027A49C /* LearningItemWithoutNavigationStack.swift */ = {isa = PBXFileReference; fileEncoding = 4; lastKnownFileType = sourcecode.swift; path = LearningItemWithoutNavigationStack.swift; sourceTree = "<group>"; };
		B4AAC4E529FE42F20027A49C /* ReadingContentView.swift */ = {isa = PBXFileReference; lastKnownFileType = sourcecode.swift; path = ReadingContentView.swift; sourceTree = "<group>"; };
		B4AAC4E829FE442F0027A49C /* PageViewController.swift */ = {isa = PBXFileReference; lastKnownFileType = sourcecode.swift; path = PageViewController.swift; sourceTree = "<group>"; };
		B4C470B729E78D7E00C4901C /* LearningTracker.app */ = {isa = PBXFileReference; explicitFileType = wrapper.application; includeInIndex = 0; path = LearningTracker.app; sourceTree = BUILT_PRODUCTS_DIR; };
		B4C470BA29E78D7E00C4901C /* LearningTrackerApp.swift */ = {isa = PBXFileReference; lastKnownFileType = sourcecode.swift; path = LearningTrackerApp.swift; sourceTree = "<group>"; };
		B4C470BC29E78D7E00C4901C /* LearningItemView.swift */ = {isa = PBXFileReference; lastKnownFileType = sourcecode.swift; path = LearningItemView.swift; sourceTree = "<group>"; };
		B4C470BE29E78D8000C4901C /* Assets.xcassets */ = {isa = PBXFileReference; lastKnownFileType = folder.assetcatalog; path = Assets.xcassets; sourceTree = "<group>"; };
		B4C470C129E78D8000C4901C /* Preview Assets.xcassets */ = {isa = PBXFileReference; lastKnownFileType = folder.assetcatalog; path = "Preview Assets.xcassets"; sourceTree = "<group>"; };
		B4C470C929E78F1700C4901C /* LearningArea.swift */ = {isa = PBXFileReference; lastKnownFileType = sourcecode.swift; path = LearningArea.swift; sourceTree = "<group>"; };
		B4C470CD29E78F7E00C4901C /* Technology.swift */ = {isa = PBXFileReference; lastKnownFileType = sourcecode.swift; path = Technology.swift; sourceTree = "<group>"; };
		B4C470D029E78FA200C4901C /* Article.swift */ = {isa = PBXFileReference; lastKnownFileType = sourcecode.swift; path = Article.swift; sourceTree = "<group>"; };
		B4C470D329E7926F00C4901C /* UserLearning.swift */ = {isa = PBXFileReference; lastKnownFileType = sourcecode.swift; path = UserLearning.swift; sourceTree = "<group>"; };
		B4C470D529E7932100C4901C /* DataProvider.swift */ = {isa = PBXFileReference; lastKnownFileType = sourcecode.swift; path = DataProvider.swift; sourceTree = "<group>"; };
/* End PBXFileReference section */

/* Begin PBXFrameworksBuildPhase section */
		B4C470B429E78D7E00C4901C /* Frameworks */ = {
			isa = PBXFrameworksBuildPhase;
			buildActionMask = 2147483647;
			files = (
			);
			runOnlyForDeploymentPostprocessing = 0;
		};
/* End PBXFrameworksBuildPhase section */

/* Begin PBXGroup section */
		B4266FB12A001B2300CB6EB1 /* PageControl */ = {
			isa = PBXGroup;
			children = (
				B4266FB22A001B5400CB6EB1 /* PageControl.swift */,
			);
			path = PageControl;
			sourceTree = "<group>";
		};
		B434245B29EF72A400A8A718 /* Views */ = {
			isa = PBXGroup;
			children = (
				B4266FB12A001B2300CB6EB1 /* PageControl */,
				B4AAC4E729FE44100027A49C /* PageViewController */,
				B4AAC4E429FE42E00027A49C /* ReadingContentView */,
				B434247B29F16E8200A8A718 /* ArticleView */,
				B434246229EF731A00A8A718 /* LearningItemView */,
				B434245F29EF72F000A8A718 /* ListViewWithProgress */,
				B434245C29EF72AC00A8A718 /* LinkableListView */,
			);
			path = Views;
			sourceTree = "<group>";
		};
		B434245C29EF72AC00A8A718 /* LinkableListView */ = {
			isa = PBXGroup;
			children = (
				B434245D29EF72C200A8A718 /* LinkableListView.swift */,
			);
			path = LinkableListView;
			sourceTree = "<group>";
		};
		B434245F29EF72F000A8A718 /* ListViewWithProgress */ = {
			isa = PBXGroup;
			children = (
				B434246029EF730000A8A718 /* ListViewWithProgress.swift */,
			);
			path = ListViewWithProgress;
			sourceTree = "<group>";
		};
		B434246229EF731A00A8A718 /* LearningItemView */ = {
			isa = PBXGroup;
			children = (
				B4AAC4E229FD96350027A49C /* LearningItemWithoutNavigationStack.swift */,
				B4C470BC29E78D7E00C4901C /* LearningItemView.swift */,
			);
			path = LearningItemView;
			sourceTree = "<group>";
		};
		B434247B29F16E8200A8A718 /* ArticleView */ = {
			isa = PBXGroup;
			children = (
				B434247C29F16E9300A8A718 /* ArticleView.swift */,
			);
			path = ArticleView;
			sourceTree = "<group>";
		};
		B4A3DA5629EAAD3B00FDF4BC /* LearningItem */ = {
			isa = PBXGroup;
			children = (
				B4A3DA5729EAAD4D00FDF4BC /* LearningItem.swift */,
			);
			path = LearningItem;
			sourceTree = "<group>";
		};
		B4AAC4E429FE42E00027A49C /* ReadingContentView */ = {
			isa = PBXGroup;
			children = (
				B4AAC4E529FE42F20027A49C /* ReadingContentView.swift */,
			);
			path = ReadingContentView;
			sourceTree = "<group>";
		};
		B4AAC4E729FE44100027A49C /* PageViewController */ = {
			isa = PBXGroup;
			children = (
				B4AAC4E829FE442F0027A49C /* PageViewController.swift */,
			);
			path = PageViewController;
			sourceTree = "<group>";
		};
		B4C470AE29E78D7E00C4901C = {
			isa = PBXGroup;
			children = (
				B4C470B929E78D7E00C4901C /* LearningTracker */,
				B4C470B829E78D7E00C4901C /* Products */,
			);
			sourceTree = "<group>";
		};
		B4C470B829E78D7E00C4901C /* Products */ = {
			isa = PBXGroup;
			children = (
				B4C470B729E78D7E00C4901C /* LearningTracker.app */,
			);
			name = Products;
			sourceTree = "<group>";
		};
		B4C470B929E78D7E00C4901C /* LearningTracker */ = {
			isa = PBXGroup;
			children = (
				B434245B29EF72A400A8A718 /* Views */,
				B4C470C829E78F0700C4901C /* Model */,
				B4C470BA29E78D7E00C4901C /* LearningTrackerApp.swift */,
				B4C470BE29E78D8000C4901C /* Assets.xcassets */,
				B4C470C029E78D8000C4901C /* Preview Content */,
			);
			path = LearningTracker;
			sourceTree = "<group>";
		};
		B4C470C029E78D8000C4901C /* Preview Content */ = {
			isa = PBXGroup;
			children = (
				B4C470C129E78D8000C4901C /* Preview Assets.xcassets */,
			);
			path = "Preview Content";
			sourceTree = "<group>";
		};
		B4C470C829E78F0700C4901C /* Model */ = {
			isa = PBXGroup;
			children = (
				B4A3DA5629EAAD3B00FDF4BC /* LearningItem */,
				B4C470D229E7925800C4901C /* UserLearnings */,
				B4C470CF29E78F8200C4901C /* Article */,
				B4C470CC29E78F5900C4901C /* Technology */,
				B4C470CB29E78F5200C4901C /* LearningArea */,
				B4C470D529E7932100C4901C /* DataProvider.swift */,
			);
			path = Model;
			sourceTree = "<group>";
		};
		B4C470CB29E78F5200C4901C /* LearningArea */ = {
			isa = PBXGroup;
			children = (
				B4C470C929E78F1700C4901C /* LearningArea.swift */,
			);
			path = LearningArea;
			sourceTree = "<group>";
		};
		B4C470CC29E78F5900C4901C /* Technology */ = {
			isa = PBXGroup;
			children = (
				B4C470CD29E78F7E00C4901C /* Technology.swift */,
			);
			path = Technology;
			sourceTree = "<group>";
		};
		B4C470CF29E78F8200C4901C /* Article */ = {
			isa = PBXGroup;
			children = (
				B4C470D029E78FA200C4901C /* Article.swift */,
			);
			path = Article;
			sourceTree = "<group>";
		};
		B4C470D229E7925800C4901C /* UserLearnings */ = {
			isa = PBXGroup;
			children = (
				B4C470D329E7926F00C4901C /* UserLearning.swift */,
			);
			path = UserLearnings;
			sourceTree = "<group>";
		};
/* End PBXGroup section */

/* Begin PBXNativeTarget section */
		B4C470B629E78D7E00C4901C /* LearningTracker */ = {
			isa = PBXNativeTarget;
			buildConfigurationList = B4C470C529E78D8000C4901C /* Build configuration list for PBXNativeTarget "LearningTracker" */;
			buildPhases = (
				B4C470B329E78D7E00C4901C /* Sources */,
				B4C470B429E78D7E00C4901C /* Frameworks */,
				B4C470B529E78D7E00C4901C /* Resources */,
			);
			buildRules = (
			);
			dependencies = (
			);
			name = LearningTracker;
			productName = LearningTracker;
			productReference = B4C470B729E78D7E00C4901C /* LearningTracker.app */;
			productType = "com.apple.product-type.application";
		};
/* End PBXNativeTarget section */

/* Begin PBXProject section */
		B4C470AF29E78D7E00C4901C /* Project object */ = {
			isa = PBXProject;
			attributes = {
				BuildIndependentTargetsInParallel = 1;
				LastSwiftUpdateCheck = 1420;
				LastUpgradeCheck = 1420;
				TargetAttributes = {
					B4C470B629E78D7E00C4901C = {
						CreatedOnToolsVersion = 14.2;
					};
				};
			};
			buildConfigurationList = B4C470B229E78D7E00C4901C /* Build configuration list for PBXProject "LearningTracker" */;
			compatibilityVersion = "Xcode 14.0";
			developmentRegion = en;
			hasScannedForEncodings = 0;
			knownRegions = (
				en,
				Base,
			);
			mainGroup = B4C470AE29E78D7E00C4901C;
			productRefGroup = B4C470B829E78D7E00C4901C /* Products */;
			projectDirPath = "";
			projectRoot = "";
			targets = (
				B4C470B629E78D7E00C4901C /* LearningTracker */,
			);
		};
/* End PBXProject section */

/* Begin PBXResourcesBuildPhase section */
		B4C470B529E78D7E00C4901C /* Resources */ = {
			isa = PBXResourcesBuildPhase;
			buildActionMask = 2147483647;
			files = (
				B4C470C229E78D8000C4901C /* Preview Assets.xcassets in Resources */,
				B4C470BF29E78D8000C4901C /* Assets.xcassets in Resources */,
			);
			runOnlyForDeploymentPostprocessing = 0;
		};
/* End PBXResourcesBuildPhase section */

/* Begin PBXSourcesBuildPhase section */
		B4C470B329E78D7E00C4901C /* Sources */ = {
			isa = PBXSourcesBuildPhase;
			buildActionMask = 2147483647;
			files = (
				B4C470D429E7926F00C4901C /* UserLearning.swift in Sources */,
				B4AAC4E929FE442F0027A49C /* PageViewController.swift in Sources */,
				B4C470BD29E78D7E00C4901C /* LearningItemView.swift in Sources */,
				B4C470BB29E78D7E00C4901C /* LearningTrackerApp.swift in Sources */,
				B4C470D629E7932100C4901C /* DataProvider.swift in Sources */,
				B4266FB32A001B5400CB6EB1 /* PageControl.swift in Sources */,
				B4AAC4E329FD96350027A49C /* LearningItemWithoutNavigationStack.swift in Sources */,
				B4A3DA5829EAAD4D00FDF4BC /* LearningItem.swift in Sources */,
				B4C470CA29E78F1700C4901C /* LearningArea.swift in Sources */,
				B434245E29EF72C200A8A718 /* LinkableListView.swift in Sources */,
				B4AAC4E629FE42F20027A49C /* ReadingContentView.swift in Sources */,
				B4C470CE29E78F7E00C4901C /* Technology.swift in Sources */,
				B4C470D129E78FA200C4901C /* Article.swift in Sources */,
				B434246129EF730000A8A718 /* ListViewWithProgress.swift in Sources */,
				B434247D29F16E9300A8A718 /* ArticleView.swift in Sources */,
			);
			runOnlyForDeploymentPostprocessing = 0;
		};
/* End PBXSourcesBuildPhase section */

/* Begin XCBuildConfiguration section */
		B4C470C329E78D8000C4901C /* Debug */ = {
			isa = XCBuildConfiguration;
			buildSettings = {
				ALWAYS_SEARCH_USER_PATHS = NO;
				CLANG_ANALYZER_NONNULL = YES;
				CLANG_ANALYZER_NUMBER_OBJECT_CONVERSION = YES_AGGRESSIVE;
				CLANG_CXX_LANGUAGE_STANDARD = "gnu++20";
				CLANG_ENABLE_MODULES = YES;
				CLANG_ENABLE_OBJC_ARC = YES;
				CLANG_ENABLE_OBJC_WEAK = YES;
				CLANG_WARN_BLOCK_CAPTURE_AUTORELEASING = YES;
				CLANG_WARN_BOOL_CONVERSION = YES;
				CLANG_WARN_COMMA = YES;
				CLANG_WARN_CONSTANT_CONVERSION = YES;
				CLANG_WARN_DEPRECATED_OBJC_IMPLEMENTATIONS = YES;
				CLANG_WARN_DIRECT_OBJC_ISA_USAGE = YES_ERROR;
				CLANG_WARN_DOCUMENTATION_COMMENTS = YES;
				CLANG_WARN_EMPTY_BODY = YES;
				CLANG_WARN_ENUM_CONVERSION = YES;
				CLANG_WARN_INFINITE_RECURSION = YES;
				CLANG_WARN_INT_CONVERSION = YES;
				CLANG_WARN_NON_LITERAL_NULL_CONVERSION = YES;
				CLANG_WARN_OBJC_IMPLICIT_RETAIN_SELF = YES;
				CLANG_WARN_OBJC_LITERAL_CONVERSION = YES;
				CLANG_WARN_OBJC_ROOT_CLASS = YES_ERROR;
				CLANG_WARN_QUOTED_INCLUDE_IN_FRAMEWORK_HEADER = YES;
				CLANG_WARN_RANGE_LOOP_ANALYSIS = YES;
				CLANG_WARN_STRICT_PROTOTYPES = YES;
				CLANG_WARN_SUSPICIOUS_MOVE = YES;
				CLANG_WARN_UNGUARDED_AVAILABILITY = YES_AGGRESSIVE;
				CLANG_WARN_UNREACHABLE_CODE = YES;
				CLANG_WARN__DUPLICATE_METHOD_MATCH = YES;
				COPY_PHASE_STRIP = NO;
				DEBUG_INFORMATION_FORMAT = dwarf;
				ENABLE_STRICT_OBJC_MSGSEND = YES;
				ENABLE_TESTABILITY = YES;
				GCC_C_LANGUAGE_STANDARD = gnu11;
				GCC_DYNAMIC_NO_PIC = NO;
				GCC_NO_COMMON_BLOCKS = YES;
				GCC_OPTIMIZATION_LEVEL = 0;
				GCC_PREPROCESSOR_DEFINITIONS = (
					"DEBUG=1",
					"$(inherited)",
				);
				GCC_WARN_64_TO_32_BIT_CONVERSION = YES;
				GCC_WARN_ABOUT_RETURN_TYPE = YES_ERROR;
				GCC_WARN_UNDECLARED_SELECTOR = YES;
				GCC_WARN_UNINITIALIZED_AUTOS = YES_AGGRESSIVE;
				GCC_WARN_UNUSED_FUNCTION = YES;
				GCC_WARN_UNUSED_VARIABLE = YES;
				IPHONEOS_DEPLOYMENT_TARGET = 16.2;
				MTL_ENABLE_DEBUG_INFO = INCLUDE_SOURCE;
				MTL_FAST_MATH = YES;
				ONLY_ACTIVE_ARCH = YES;
				SDKROOT = iphoneos;
				SWIFT_ACTIVE_COMPILATION_CONDITIONS = DEBUG;
				SWIFT_OPTIMIZATION_LEVEL = "-Onone";
			};
			name = Debug;
		};
		B4C470C429E78D8000C4901C /* Release */ = {
			isa = XCBuildConfiguration;
			buildSettings = {
				ALWAYS_SEARCH_USER_PATHS = NO;
				CLANG_ANALYZER_NONNULL = YES;
				CLANG_ANALYZER_NUMBER_OBJECT_CONVERSION = YES_AGGRESSIVE;
				CLANG_CXX_LANGUAGE_STANDARD = "gnu++20";
				CLANG_ENABLE_MODULES = YES;
				CLANG_ENABLE_OBJC_ARC = YES;
				CLANG_ENABLE_OBJC_WEAK = YES;
				CLANG_WARN_BLOCK_CAPTURE_AUTORELEASING = YES;
				CLANG_WARN_BOOL_CONVERSION = YES;
				CLANG_WARN_COMMA = YES;
				CLANG_WARN_CONSTANT_CONVERSION = YES;
				CLANG_WARN_DEPRECATED_OBJC_IMPLEMENTATIONS = YES;
				CLANG_WARN_DIRECT_OBJC_ISA_USAGE = YES_ERROR;
				CLANG_WARN_DOCUMENTATION_COMMENTS = YES;
				CLANG_WARN_EMPTY_BODY = YES;
				CLANG_WARN_ENUM_CONVERSION = YES;
				CLANG_WARN_INFINITE_RECURSION = YES;
				CLANG_WARN_INT_CONVERSION = YES;
				CLANG_WARN_NON_LITERAL_NULL_CONVERSION = YES;
				CLANG_WARN_OBJC_IMPLICIT_RETAIN_SELF = YES;
				CLANG_WARN_OBJC_LITERAL_CONVERSION = YES;
				CLANG_WARN_OBJC_ROOT_CLASS = YES_ERROR;
				CLANG_WARN_QUOTED_INCLUDE_IN_FRAMEWORK_HEADER = YES;
				CLANG_WARN_RANGE_LOOP_ANALYSIS = YES;
				CLANG_WARN_STRICT_PROTOTYPES = YES;
				CLANG_WARN_SUSPICIOUS_MOVE = YES;
				CLANG_WARN_UNGUARDED_AVAILABILITY = YES_AGGRESSIVE;
				CLANG_WARN_UNREACHABLE_CODE = YES;
				CLANG_WARN__DUPLICATE_METHOD_MATCH = YES;
				COPY_PHASE_STRIP = NO;
				DEBUG_INFORMATION_FORMAT = "dwarf-with-dsym";
				ENABLE_NS_ASSERTIONS = NO;
				ENABLE_STRICT_OBJC_MSGSEND = YES;
				GCC_C_LANGUAGE_STANDARD = gnu11;
				GCC_NO_COMMON_BLOCKS = YES;
				GCC_WARN_64_TO_32_BIT_CONVERSION = YES;
				GCC_WARN_ABOUT_RETURN_TYPE = YES_ERROR;
				GCC_WARN_UNDECLARED_SELECTOR = YES;
				GCC_WARN_UNINITIALIZED_AUTOS = YES_AGGRESSIVE;
				GCC_WARN_UNUSED_FUNCTION = YES;
				GCC_WARN_UNUSED_VARIABLE = YES;
				IPHONEOS_DEPLOYMENT_TARGET = 16.2;
				MTL_ENABLE_DEBUG_INFO = NO;
				MTL_FAST_MATH = YES;
				SDKROOT = iphoneos;
				SWIFT_COMPILATION_MODE = wholemodule;
				SWIFT_OPTIMIZATION_LEVEL = "-O";
				VALIDATE_PRODUCT = YES;
			};
			name = Release;
		};
		B4C470C629E78D8000C4901C /* Debug */ = {
			isa = XCBuildConfiguration;
			buildSettings = {
				ASSETCATALOG_COMPILER_APPICON_NAME = AppIcon;
				ASSETCATALOG_COMPILER_GLOBAL_ACCENT_COLOR_NAME = AccentColor;
				CODE_SIGN_STYLE = Automatic;
				CURRENT_PROJECT_VERSION = 1;
				DEVELOPMENT_ASSET_PATHS = "\"LearningTracker/Preview Content\"";
				DEVELOPMENT_TEAM = J2JH2D8LT6;
				ENABLE_PREVIEWS = YES;
				GENERATE_INFOPLIST_FILE = YES;
				INFOPLIST_KEY_UIApplicationSceneManifest_Generation = YES;
				INFOPLIST_KEY_UIApplicationSupportsIndirectInputEvents = YES;
				INFOPLIST_KEY_UILaunchScreen_Generation = YES;
				INFOPLIST_KEY_UISupportedInterfaceOrientations_iPad = "UIInterfaceOrientationPortrait UIInterfaceOrientationPortraitUpsideDown UIInterfaceOrientationLandscapeLeft UIInterfaceOrientationLandscapeRight";
				INFOPLIST_KEY_UISupportedInterfaceOrientations_iPhone = "UIInterfaceOrientationPortrait UIInterfaceOrientationLandscapeLeft UIInterfaceOrientationLandscapeRight";
				LD_RUNPATH_SEARCH_PATHS = (
					"$(inherited)",
					"@executable_path/Frameworks",
				);
				MARKETING_VERSION = 1.0;
				PRODUCT_BUNDLE_IDENTIFIER = PersonalLearning.LearningTracker;
				PRODUCT_NAME = "$(TARGET_NAME)";
				SWIFT_EMIT_LOC_STRINGS = YES;
				SWIFT_VERSION = 5.0;
				TARGETED_DEVICE_FAMILY = "1,2";
			};
			name = Debug;
		};
		B4C470C729E78D8000C4901C /* Release */ = {
			isa = XCBuildConfiguration;
			buildSettings = {
				ASSETCATALOG_COMPILER_APPICON_NAME = AppIcon;
				ASSETCATALOG_COMPILER_GLOBAL_ACCENT_COLOR_NAME = AccentColor;
				CODE_SIGN_STYLE = Automatic;
				CURRENT_PROJECT_VERSION = 1;
				DEVELOPMENT_ASSET_PATHS = "\"LearningTracker/Preview Content\"";
				DEVELOPMENT_TEAM = J2JH2D8LT6;
				ENABLE_PREVIEWS = YES;
				GENERATE_INFOPLIST_FILE = YES;
				INFOPLIST_KEY_UIApplicationSceneManifest_Generation = YES;
				INFOPLIST_KEY_UIApplicationSupportsIndirectInputEvents = YES;
				INFOPLIST_KEY_UILaunchScreen_Generation = YES;
				INFOPLIST_KEY_UISupportedInterfaceOrientations_iPad = "UIInterfaceOrientationPortrait UIInterfaceOrientationPortraitUpsideDown UIInterfaceOrientationLandscapeLeft UIInterfaceOrientationLandscapeRight";
				INFOPLIST_KEY_UISupportedInterfaceOrientations_iPhone = "UIInterfaceOrientationPortrait UIInterfaceOrientationLandscapeLeft UIInterfaceOrientationLandscapeRight";
				LD_RUNPATH_SEARCH_PATHS = (
					"$(inherited)",
					"@executable_path/Frameworks",
				);
				MARKETING_VERSION = 1.0;
				PRODUCT_BUNDLE_IDENTIFIER = PersonalLearning.LearningTracker;
				PRODUCT_NAME = "$(TARGET_NAME)";
				SWIFT_EMIT_LOC_STRINGS = YES;
				SWIFT_VERSION = 5.0;
				TARGETED_DEVICE_FAMILY = "1,2";
			};
			name = Release;
		};
/* End XCBuildConfiguration section */

/* Begin XCConfigurationList section */
		B4C470B229E78D7E00C4901C /* Build configuration list for PBXProject "LearningTracker" */ = {
			isa = XCConfigurationList;
			buildConfigurations = (
				B4C470C329E78D8000C4901C /* Debug */,
				B4C470C429E78D8000C4901C /* Release */,
			);
			defaultConfigurationIsVisible = 0;
			defaultConfigurationName = Release;
		};
		B4C470C529E78D8000C4901C /* Build configuration list for PBXNativeTarget "LearningTracker" */ = {
			isa = XCConfigurationList;
			buildConfigurations = (
				B4C470C629E78D8000C4901C /* Debug */,
				B4C470C729E78D8000C4901C /* Release */,
			);
			defaultConfigurationIsVisible = 0;
			defaultConfigurationName = Release;
		};
/* End XCConfigurationList section */
	};
	rootObject = B4C470AF29E78D7E00C4901C /* Project object */;
}
